// !$*UTF8*$!
{
	archiveVersion = 1;
	classes = {
	};
	objectVersion = 56;
	objects = {

/* Begin PBXBuildFile section */
		2DFF32082A34083000EDDDBA /* dipquizApp.swift in Sources */ = {isa = PBXBuildFile; fileRef = 2DFF32072A34083000EDDDBA /* dipquizApp.swift */; };
		2DFF320A2A34083000EDDDBA /* ContentView.swift in Sources */ = {isa = PBXBuildFile; fileRef = 2DFF32092A34083000EDDDBA /* ContentView.swift */; };
		2DFF321C2A3408C100EDDDBA /* hostApp.swift in Sources */ = {isa = PBXBuildFile; fileRef = 2DFF321B2A3408C100EDDDBA /* hostApp.swift */; };
		2DFF321E2A3408C100EDDDBA /* ContentView.swift in Sources */ = {isa = PBXBuildFile; fileRef = 2DFF321D2A3408C100EDDDBA /* ContentView.swift */; };
		2DFF32202A3408C200EDDDBA /* Assets.xcassets in Resources */ = {isa = PBXBuildFile; fileRef = 2DFF321F2A3408C200EDDDBA /* Assets.xcassets */; };
		2DFF32232A3408C200EDDDBA /* Preview Assets.xcassets in Resources */ = {isa = PBXBuildFile; fileRef = 2DFF32222A3408C200EDDDBA /* Preview Assets.xcassets */; };
		2DFF32252A3408C200EDDDBA /* Item.swift in Sources */ = {isa = PBXBuildFile; fileRef = 2DFF32242A3408C200EDDDBA /* Item.swift */; };
		2DFF32342A340B8D00EDDDBA /* ConnectionManager.swift in Sources */ = {isa = PBXBuildFile; fileRef = 2DFF32312A340B8D00EDDDBA /* ConnectionManager.swift */; };
		2DFF32352A340B8D00EDDDBA /* Command.swift in Sources */ = {isa = PBXBuildFile; fileRef = 2DFF32332A340B8D00EDDDBA /* Command.swift */; };
		2DFF32362A340B9000EDDDBA /* ConnectionManager.swift in Sources */ = {isa = PBXBuildFile; fileRef = 2DFF32312A340B8D00EDDDBA /* ConnectionManager.swift */; };
		2DFF32372A340B9400EDDDBA /* Command.swift in Sources */ = {isa = PBXBuildFile; fileRef = 2DFF32332A340B8D00EDDDBA /* Command.swift */; };
		2DFF32392A340E5B00EDDDBA /* SceneDelegate.swift in Sources */ = {isa = PBXBuildFile; fileRef = 2DFF32382A340E5B00EDDDBA /* SceneDelegate.swift */; };
		3E5592C52A340DBA00BD2CF7 /* HomeView.swift in Sources */ = {isa = PBXBuildFile; fileRef = 3E5592C42A340DBA00BD2CF7 /* HomeView.swift */; };
		9017F90E2A341792003EA817 /* Preview Assets.xcassets in Resources */ = {isa = PBXBuildFile; fileRef = 9017F90D2A341792003EA817 /* Preview Assets.xcassets */; };
		9017F9152A3417A2003EA817 /* LaunchScreenStateManager.swift in Sources */ = {isa = PBXBuildFile; fileRef = 9017F9112A3417A1003EA817 /* LaunchScreenStateManager.swift */; };
		9017F9162A3417A2003EA817 /* LaunchScreenStep.swift in Sources */ = {isa = PBXBuildFile; fileRef = 9017F9122A3417A1003EA817 /* LaunchScreenStep.swift */; };
		9017F9172A3417A2003EA817 /* LaunchScreenView.swift in Sources */ = {isa = PBXBuildFile; fileRef = 9017F9132A3417A1003EA817 /* LaunchScreenView.swift */; };
		9017F9182A3417A2003EA817 /* Assets.xcassets in Resources */ = {isa = PBXBuildFile; fileRef = 9017F9142A3417A1003EA817 /* Assets.xcassets */; };
/* End PBXBuildFile section */

/* Begin PBXFileReference section */
		2DFF32042A34083000EDDDBA /* dipquiz.app */ = {isa = PBXFileReference; explicitFileType = wrapper.application; includeInIndex = 0; path = dipquiz.app; sourceTree = BUILT_PRODUCTS_DIR; };
		2DFF32072A34083000EDDDBA /* dipquizApp.swift */ = {isa = PBXFileReference; lastKnownFileType = sourcecode.swift; path = dipquizApp.swift; sourceTree = "<group>"; };
		2DFF32092A34083000EDDDBA /* ContentView.swift */ = {isa = PBXFileReference; lastKnownFileType = sourcecode.swift; path = ContentView.swift; sourceTree = "<group>"; };
		2DFF32192A3408C100EDDDBA /* host.app */ = {isa = PBXFileReference; explicitFileType = wrapper.application; includeInIndex = 0; path = host.app; sourceTree = BUILT_PRODUCTS_DIR; };
		2DFF321B2A3408C100EDDDBA /* hostApp.swift */ = {isa = PBXFileReference; lastKnownFileType = sourcecode.swift; path = hostApp.swift; sourceTree = "<group>"; };
		2DFF321D2A3408C100EDDDBA /* ContentView.swift */ = {isa = PBXFileReference; lastKnownFileType = sourcecode.swift; path = ContentView.swift; sourceTree = "<group>"; };
		2DFF321F2A3408C200EDDDBA /* Assets.xcassets */ = {isa = PBXFileReference; lastKnownFileType = folder.assetcatalog; path = Assets.xcassets; sourceTree = "<group>"; };
		2DFF32222A3408C200EDDDBA /* Preview Assets.xcassets */ = {isa = PBXFileReference; lastKnownFileType = folder.assetcatalog; path = "Preview Assets.xcassets"; sourceTree = "<group>"; };
		2DFF32242A3408C200EDDDBA /* Item.swift */ = {isa = PBXFileReference; lastKnownFileType = sourcecode.swift; path = Item.swift; sourceTree = "<group>"; };
		2DFF32312A340B8D00EDDDBA /* ConnectionManager.swift */ = {isa = PBXFileReference; fileEncoding = 4; lastKnownFileType = sourcecode.swift; path = ConnectionManager.swift; sourceTree = "<group>"; };
		2DFF32332A340B8D00EDDDBA /* Command.swift */ = {isa = PBXFileReference; fileEncoding = 4; lastKnownFileType = sourcecode.swift; path = Command.swift; sourceTree = "<group>"; };
		2DFF32382A340E5B00EDDDBA /* SceneDelegate.swift */ = {isa = PBXFileReference; fileEncoding = 4; lastKnownFileType = sourcecode.swift; path = SceneDelegate.swift; sourceTree = "<group>"; };
		3E5592C42A340DBA00BD2CF7 /* HomeView.swift */ = {isa = PBXFileReference; lastKnownFileType = sourcecode.swift; path = HomeView.swift; sourceTree = "<group>"; };
		9017F90D2A341792003EA817 /* Preview Assets.xcassets */ = {isa = PBXFileReference; lastKnownFileType = folder.assetcatalog; path = "Preview Assets.xcassets"; sourceTree = "<group>"; };
		9017F9112A3417A1003EA817 /* LaunchScreenStateManager.swift */ = {isa = PBXFileReference; fileEncoding = 4; lastKnownFileType = sourcecode.swift; path = LaunchScreenStateManager.swift; sourceTree = "<group>"; };
		9017F9122A3417A1003EA817 /* LaunchScreenStep.swift */ = {isa = PBXFileReference; fileEncoding = 4; lastKnownFileType = sourcecode.swift; path = LaunchScreenStep.swift; sourceTree = "<group>"; };
		9017F9132A3417A1003EA817 /* LaunchScreenView.swift */ = {isa = PBXFileReference; fileEncoding = 4; lastKnownFileType = sourcecode.swift; path = LaunchScreenView.swift; sourceTree = "<group>"; };
		9017F9142A3417A1003EA817 /* Assets.xcassets */ = {isa = PBXFileReference; lastKnownFileType = folder.assetcatalog; path = Assets.xcassets; sourceTree = "<group>"; };
/* End PBXFileReference section */

/* Begin PBXFrameworksBuildPhase section */
		2DFF32012A34083000EDDDBA /* Frameworks */ = {
			isa = PBXFrameworksBuildPhase;
			buildActionMask = 2147483647;
			files = (
			);
			runOnlyForDeploymentPostprocessing = 0;
		};
		2DFF32162A3408C100EDDDBA /* Frameworks */ = {
			isa = PBXFrameworksBuildPhase;
			buildActionMask = 2147483647;
			files = (
			);
			runOnlyForDeploymentPostprocessing = 0;
		};
/* End PBXFrameworksBuildPhase section */

/* Begin PBXGroup section */
		2DFF31FB2A34083000EDDDBA = {
			isa = PBXGroup;
			children = (
				2DFF32062A34083000EDDDBA /* dipquiz */,
				2DFF321A2A3408C100EDDDBA /* host */,
				2DFF32052A34083000EDDDBA /* Products */,
			);
			sourceTree = "<group>";
		};
		2DFF32052A34083000EDDDBA /* Products */ = {
			isa = PBXGroup;
			children = (
				2DFF32042A34083000EDDDBA /* dipquiz.app */,
				2DFF32192A3408C100EDDDBA /* host.app */,
			);
			name = Products;
			sourceTree = "<group>";
		};
		2DFF32062A34083000EDDDBA /* dipquiz */ = {
			isa = PBXGroup;
			children = (
				2DFF32072A34083000EDDDBA /* dipquizApp.swift */,
				2DFF32092A34083000EDDDBA /* ContentView.swift */,
				9017F90F2A3417A1003EA817 /* Resources */,
				9017F90C2A341792003EA817 /* Preview Content */,
				3E5592C42A340DBA00BD2CF7 /* HomeView.swift */,
			);
			path = dipquiz;
			sourceTree = "<group>";
		};
		2DFF321A2A3408C100EDDDBA /* host */ = {
			isa = PBXGroup;
			children = (
				2DFF322C2A340ACE00EDDDBA /* share */,
				2DFF321B2A3408C100EDDDBA /* hostApp.swift */,
				2DFF321D2A3408C100EDDDBA /* ContentView.swift */,
				2DFF321F2A3408C200EDDDBA /* Assets.xcassets */,
				2DFF32242A3408C200EDDDBA /* Item.swift */,
				2DFF32212A3408C200EDDDBA /* Preview Content */,
			);
			path = host;
			sourceTree = "<group>";
		};
		2DFF32212A3408C200EDDDBA /* Preview Content */ = {
			isa = PBXGroup;
			children = (
				2DFF32222A3408C200EDDDBA /* Preview Assets.xcassets */,
			);
			path = "Preview Content";
			sourceTree = "<group>";
		};
		2DFF322C2A340ACE00EDDDBA /* share */ = {
			isa = PBXGroup;
			children = (
				2DFF32382A340E5B00EDDDBA /* SceneDelegate.swift */,
				2DFF32302A340B8D00EDDDBA /* Connection Managers */,
				2DFF32322A340B8D00EDDDBA /* Models */,
			);
			path = share;
			sourceTree = "<group>";
		};
		2DFF32302A340B8D00EDDDBA /* Connection Managers */ = {
			isa = PBXGroup;
			children = (
				2DFF32312A340B8D00EDDDBA /* ConnectionManager.swift */,
			);
			path = "Connection Managers";
			sourceTree = "<group>";
		};
		2DFF32322A340B8D00EDDDBA /* Models */ = {
			isa = PBXGroup;
			children = (
				2DFF32332A340B8D00EDDDBA /* Command.swift */,
			);
			path = Models;
			sourceTree = "<group>";
		};
		9017F90C2A341792003EA817 /* Preview Content */ = {
			isa = PBXGroup;
			children = (
				9017F90D2A341792003EA817 /* Preview Assets.xcassets */,
			);
			path = "Preview Content";
			sourceTree = "<group>";
		};
		9017F90F2A3417A1003EA817 /* Resources */ = {
			isa = PBXGroup;
			children = (
				9017F9102A3417A1003EA817 /* LaunchScreen */,
				9017F9142A3417A1003EA817 /* Assets.xcassets */,
			);
			path = Resources;
			sourceTree = "<group>";
		};
		9017F9102A3417A1003EA817 /* LaunchScreen */ = {
			isa = PBXGroup;
			children = (
				9017F9112A3417A1003EA817 /* LaunchScreenStateManager.swift */,
				9017F9122A3417A1003EA817 /* LaunchScreenStep.swift */,
				9017F9132A3417A1003EA817 /* LaunchScreenView.swift */,
			);
			path = LaunchScreen;
			sourceTree = "<group>";
		};
/* End PBXGroup section */

/* Begin PBXNativeTarget section */
		2DFF32032A34083000EDDDBA /* dipquiz */ = {
			isa = PBXNativeTarget;
			buildConfigurationList = 2DFF32122A34083100EDDDBA /* Build configuration list for PBXNativeTarget "dipquiz" */;
			buildPhases = (
				2DFF32002A34083000EDDDBA /* Sources */,
				2DFF32012A34083000EDDDBA /* Frameworks */,
				2DFF32022A34083000EDDDBA /* Resources */,
			);
			buildRules = (
			);
			dependencies = (
			);
			name = dipquiz;
			productName = dipquiz;
			productReference = 2DFF32042A34083000EDDDBA /* dipquiz.app */;
			productType = "com.apple.product-type.application";
		};
		2DFF32182A3408C100EDDDBA /* host */ = {
			isa = PBXNativeTarget;
			buildConfigurationList = 2DFF32262A3408C200EDDDBA /* Build configuration list for PBXNativeTarget "host" */;
			buildPhases = (
				2DFF32152A3408C100EDDDBA /* Sources */,
				2DFF32162A3408C100EDDDBA /* Frameworks */,
				2DFF32172A3408C100EDDDBA /* Resources */,
			);
			buildRules = (
			);
			dependencies = (
			);
			name = host;
			productName = host;
			productReference = 2DFF32192A3408C100EDDDBA /* host.app */;
			productType = "com.apple.product-type.application";
		};
/* End PBXNativeTarget section */

/* Begin PBXProject section */
		2DFF31FC2A34083000EDDDBA /* Project object */ = {
			isa = PBXProject;
			attributes = {
				BuildIndependentTargetsInParallel = 1;
				LastSwiftUpdateCheck = 1500;
				LastUpgradeCheck = 1500;
				TargetAttributes = {
					2DFF32032A34083000EDDDBA = {
						CreatedOnToolsVersion = 15.0;
					};
					2DFF32182A3408C100EDDDBA = {
						CreatedOnToolsVersion = 15.0;
					};
				};
			};
			buildConfigurationList = 2DFF31FF2A34083000EDDDBA /* Build configuration list for PBXProject "dipquiz" */;
			compatibilityVersion = "Xcode 14.0";
			developmentRegion = en;
			hasScannedForEncodings = 0;
			knownRegions = (
				en,
				Base,
			);
			mainGroup = 2DFF31FB2A34083000EDDDBA;
			productRefGroup = 2DFF32052A34083000EDDDBA /* Products */;
			projectDirPath = "";
			projectRoot = "";
			targets = (
				2DFF32032A34083000EDDDBA /* dipquiz */,
				2DFF32182A3408C100EDDDBA /* host */,
			);
		};
/* End PBXProject section */

/* Begin PBXResourcesBuildPhase section */
		2DFF32022A34083000EDDDBA /* Resources */ = {
			isa = PBXResourcesBuildPhase;
			buildActionMask = 2147483647;
			files = (
				9017F9182A3417A2003EA817 /* Assets.xcassets in Resources */,
				9017F90E2A341792003EA817 /* Preview Assets.xcassets in Resources */,
			);
			runOnlyForDeploymentPostprocessing = 0;
		};
		2DFF32172A3408C100EDDDBA /* Resources */ = {
			isa = PBXResourcesBuildPhase;
			buildActionMask = 2147483647;
			files = (
				2DFF32232A3408C200EDDDBA /* Preview Assets.xcassets in Resources */,
				2DFF32202A3408C200EDDDBA /* Assets.xcassets in Resources */,
			);
			runOnlyForDeploymentPostprocessing = 0;
		};
/* End PBXResourcesBuildPhase section */

/* Begin PBXSourcesBuildPhase section */
		2DFF32002A34083000EDDDBA /* Sources */ = {
			isa = PBXSourcesBuildPhase;
			buildActionMask = 2147483647;
			files = (
				3E5592C52A340DBA00BD2CF7 /* HomeView.swift in Sources */,
				2DFF32362A340B9000EDDDBA /* ConnectionManager.swift in Sources */,
				9017F9152A3417A2003EA817 /* LaunchScreenStateManager.swift in Sources */,
				9017F9162A3417A2003EA817 /* LaunchScreenStep.swift in Sources */,
				2DFF32372A340B9400EDDDBA /* Command.swift in Sources */,
				2DFF320A2A34083000EDDDBA /* ContentView.swift in Sources */,
				2DFF32082A34083000EDDDBA /* dipquizApp.swift in Sources */,
				9017F9172A3417A2003EA817 /* LaunchScreenView.swift in Sources */,
			);
			runOnlyForDeploymentPostprocessing = 0;
		};
		2DFF32152A3408C100EDDDBA /* Sources */ = {
			isa = PBXSourcesBuildPhase;
			buildActionMask = 2147483647;
			files = (
				2DFF321E2A3408C100EDDDBA /* ContentView.swift in Sources */,
				2DFF32342A340B8D00EDDDBA /* ConnectionManager.swift in Sources */,
				2DFF32252A3408C200EDDDBA /* Item.swift in Sources */,
				2DFF32352A340B8D00EDDDBA /* Command.swift in Sources */,
				2DFF321C2A3408C100EDDDBA /* hostApp.swift in Sources */,
				2DFF32392A340E5B00EDDDBA /* SceneDelegate.swift in Sources */,
			);
			runOnlyForDeploymentPostprocessing = 0;
		};
/* End PBXSourcesBuildPhase section */

/* Begin XCBuildConfiguration section */
		2DFF32102A34083100EDDDBA /* Debug */ = {
			isa = XCBuildConfiguration;
			buildSettings = {
				ALWAYS_SEARCH_USER_PATHS = NO;
				ASSETCATALOG_COMPILER_GENERATE_SWIFT_ASSET_SYMBOL_EXTENSIONS = YES;
				CLANG_ANALYZER_NONNULL = YES;
				CLANG_ANALYZER_NUMBER_OBJECT_CONVERSION = YES_AGGRESSIVE;
				CLANG_CXX_LANGUAGE_STANDARD = "gnu++20";
				CLANG_ENABLE_MODULES = YES;
				CLANG_ENABLE_OBJC_ARC = YES;
				CLANG_ENABLE_OBJC_WEAK = YES;
				CLANG_WARN_BLOCK_CAPTURE_AUTORELEASING = YES;
				CLANG_WARN_BOOL_CONVERSION = YES;
				CLANG_WARN_COMMA = YES;
				CLANG_WARN_CONSTANT_CONVERSION = YES;
				CLANG_WARN_DEPRECATED_OBJC_IMPLEMENTATIONS = YES;
				CLANG_WARN_DIRECT_OBJC_ISA_USAGE = YES_ERROR;
				CLANG_WARN_DOCUMENTATION_COMMENTS = YES;
				CLANG_WARN_EMPTY_BODY = YES;
				CLANG_WARN_ENUM_CONVERSION = YES;
				CLANG_WARN_INFINITE_RECURSION = YES;
				CLANG_WARN_INT_CONVERSION = YES;
				CLANG_WARN_NON_LITERAL_NULL_CONVERSION = YES;
				CLANG_WARN_OBJC_IMPLICIT_RETAIN_SELF = YES;
				CLANG_WARN_OBJC_LITERAL_CONVERSION = YES;
				CLANG_WARN_OBJC_ROOT_CLASS = YES_ERROR;
				CLANG_WARN_QUOTED_INCLUDE_IN_FRAMEWORK_HEADER = YES;
				CLANG_WARN_RANGE_LOOP_ANALYSIS = YES;
				CLANG_WARN_STRICT_PROTOTYPES = YES;
				CLANG_WARN_SUSPICIOUS_MOVE = YES;
				CLANG_WARN_UNGUARDED_AVAILABILITY = YES_AGGRESSIVE;
				CLANG_WARN_UNREACHABLE_CODE = YES;
				CLANG_WARN__DUPLICATE_METHOD_MATCH = YES;
				COPY_PHASE_STRIP = NO;
				DEBUG_INFORMATION_FORMAT = dwarf;
				ENABLE_STRICT_OBJC_MSGSEND = YES;
				ENABLE_TESTABILITY = YES;
				ENABLE_USER_SCRIPT_SANDBOXING = YES;
				GCC_C_LANGUAGE_STANDARD = gnu17;
				GCC_DYNAMIC_NO_PIC = NO;
				GCC_NO_COMMON_BLOCKS = YES;
				GCC_OPTIMIZATION_LEVEL = 0;
				GCC_PREPROCESSOR_DEFINITIONS = (
					"DEBUG=1",
					"$(inherited)",
				);
				GCC_WARN_64_TO_32_BIT_CONVERSION = YES;
				GCC_WARN_ABOUT_RETURN_TYPE = YES_ERROR;
				GCC_WARN_UNDECLARED_SELECTOR = YES;
				GCC_WARN_UNINITIALIZED_AUTOS = YES_AGGRESSIVE;
				GCC_WARN_UNUSED_FUNCTION = YES;
				GCC_WARN_UNUSED_VARIABLE = YES;
				IPHONEOS_DEPLOYMENT_TARGET = 17.0;
				LOCALIZATION_PREFERS_STRING_CATALOGS = YES;
				MTL_ENABLE_DEBUG_INFO = INCLUDE_SOURCE;
				MTL_FAST_MATH = YES;
				ONLY_ACTIVE_ARCH = YES;
				SDKROOT = iphoneos;
				SWIFT_ACTIVE_COMPILATION_CONDITIONS = "DEBUG $(inherited)";
				SWIFT_OPTIMIZATION_LEVEL = "-Onone";
			};
			name = Debug;
		};
		2DFF32112A34083100EDDDBA /* Release */ = {
			isa = XCBuildConfiguration;
			buildSettings = {
				ALWAYS_SEARCH_USER_PATHS = NO;
				ASSETCATALOG_COMPILER_GENERATE_SWIFT_ASSET_SYMBOL_EXTENSIONS = YES;
				CLANG_ANALYZER_NONNULL = YES;
				CLANG_ANALYZER_NUMBER_OBJECT_CONVERSION = YES_AGGRESSIVE;
				CLANG_CXX_LANGUAGE_STANDARD = "gnu++20";
				CLANG_ENABLE_MODULES = YES;
				CLANG_ENABLE_OBJC_ARC = YES;
				CLANG_ENABLE_OBJC_WEAK = YES;
				CLANG_WARN_BLOCK_CAPTURE_AUTORELEASING = YES;
				CLANG_WARN_BOOL_CONVERSION = YES;
				CLANG_WARN_COMMA = YES;
				CLANG_WARN_CONSTANT_CONVERSION = YES;
				CLANG_WARN_DEPRECATED_OBJC_IMPLEMENTATIONS = YES;
				CLANG_WARN_DIRECT_OBJC_ISA_USAGE = YES_ERROR;
				CLANG_WARN_DOCUMENTATION_COMMENTS = YES;
				CLANG_WARN_EMPTY_BODY = YES;
				CLANG_WARN_ENUM_CONVERSION = YES;
				CLANG_WARN_INFINITE_RECURSION = YES;
				CLANG_WARN_INT_CONVERSION = YES;
				CLANG_WARN_NON_LITERAL_NULL_CONVERSION = YES;
				CLANG_WARN_OBJC_IMPLICIT_RETAIN_SELF = YES;
				CLANG_WARN_OBJC_LITERAL_CONVERSION = YES;
				CLANG_WARN_OBJC_ROOT_CLASS = YES_ERROR;
				CLANG_WARN_QUOTED_INCLUDE_IN_FRAMEWORK_HEADER = YES;
				CLANG_WARN_RANGE_LOOP_ANALYSIS = YES;
				CLANG_WARN_STRICT_PROTOTYPES = YES;
				CLANG_WARN_SUSPICIOUS_MOVE = YES;
				CLANG_WARN_UNGUARDED_AVAILABILITY = YES_AGGRESSIVE;
				CLANG_WARN_UNREACHABLE_CODE = YES;
				CLANG_WARN__DUPLICATE_METHOD_MATCH = YES;
				COPY_PHASE_STRIP = NO;
				DEBUG_INFORMATION_FORMAT = "dwarf-with-dsym";
				ENABLE_NS_ASSERTIONS = NO;
				ENABLE_STRICT_OBJC_MSGSEND = YES;
				ENABLE_USER_SCRIPT_SANDBOXING = YES;
				GCC_C_LANGUAGE_STANDARD = gnu17;
				GCC_NO_COMMON_BLOCKS = YES;
				GCC_WARN_64_TO_32_BIT_CONVERSION = YES;
				GCC_WARN_ABOUT_RETURN_TYPE = YES_ERROR;
				GCC_WARN_UNDECLARED_SELECTOR = YES;
				GCC_WARN_UNINITIALIZED_AUTOS = YES_AGGRESSIVE;
				GCC_WARN_UNUSED_FUNCTION = YES;
				GCC_WARN_UNUSED_VARIABLE = YES;
				IPHONEOS_DEPLOYMENT_TARGET = 17.0;
				LOCALIZATION_PREFERS_STRING_CATALOGS = YES;
				MTL_ENABLE_DEBUG_INFO = NO;
				MTL_FAST_MATH = YES;
				SDKROOT = iphoneos;
				SWIFT_COMPILATION_MODE = wholemodule;
				VALIDATE_PRODUCT = YES;
			};
			name = Release;
		};
		2DFF32132A34083100EDDDBA /* Debug */ = {
			isa = XCBuildConfiguration;
			buildSettings = {
				ASSETCATALOG_COMPILER_APPICON_NAME = AppIcon;
				ASSETCATALOG_COMPILER_GLOBAL_ACCENT_COLOR_NAME = AccentColor;
				CODE_SIGN_STYLE = Automatic;
				CURRENT_PROJECT_VERSION = 1;
				DEVELOPMENT_ASSET_PATHS = "\"dipquiz/Preview Content\"";
				DEVELOPMENT_TEAM = PZ78W9Y6LP;
				ENABLE_PREVIEWS = YES;
				GENERATE_INFOPLIST_FILE = YES;
				INFOPLIST_KEY_UIApplicationSceneManifest_Generation = YES;
				INFOPLIST_KEY_UIApplicationSupportsIndirectInputEvents = YES;
				INFOPLIST_KEY_UILaunchScreen_Generation = YES;
				INFOPLIST_KEY_UISupportedInterfaceOrientations_iPad = "UIInterfaceOrientationPortrait UIInterfaceOrientationPortraitUpsideDown UIInterfaceOrientationLandscapeLeft UIInterfaceOrientationLandscapeRight";
				INFOPLIST_KEY_UISupportedInterfaceOrientations_iPhone = "UIInterfaceOrientationPortrait UIInterfaceOrientationLandscapeLeft UIInterfaceOrientationLandscapeRight";
				LD_RUNPATH_SEARCH_PATHS = (
					"$(inherited)",
					"@executable_path/Frameworks",
				);
				MARKETING_VERSION = 1.0;
				PRODUCT_BUNDLE_IDENTIFIER = com.letusgo.dipquiz;
				PRODUCT_NAME = "$(TARGET_NAME)";
				SWIFT_EMIT_LOC_STRINGS = YES;
				SWIFT_VERSION = 5.0;
				TARGETED_DEVICE_FAMILY = "1,2";
			};
			name = Debug;
		};
		2DFF32142A34083100EDDDBA /* Release */ = {
			isa = XCBuildConfiguration;
			buildSettings = {
				ASSETCATALOG_COMPILER_APPICON_NAME = AppIcon;
				ASSETCATALOG_COMPILER_GLOBAL_ACCENT_COLOR_NAME = AccentColor;
				CODE_SIGN_STYLE = Automatic;
				CURRENT_PROJECT_VERSION = 1;
				DEVELOPMENT_ASSET_PATHS = "\"dipquiz/Preview Content\"";
				DEVELOPMENT_TEAM = PZ78W9Y6LP;
				ENABLE_PREVIEWS = YES;
				GENERATE_INFOPLIST_FILE = YES;
				INFOPLIST_KEY_UIApplicationSceneManifest_Generation = YES;
				INFOPLIST_KEY_UIApplicationSupportsIndirectInputEvents = YES;
				INFOPLIST_KEY_UILaunchScreen_Generation = YES;
				INFOPLIST_KEY_UISupportedInterfaceOrientations_iPad = "UIInterfaceOrientationPortrait UIInterfaceOrientationPortraitUpsideDown UIInterfaceOrientationLandscapeLeft UIInterfaceOrientationLandscapeRight";
				INFOPLIST_KEY_UISupportedInterfaceOrientations_iPhone = "UIInterfaceOrientationPortrait UIInterfaceOrientationLandscapeLeft UIInterfaceOrientationLandscapeRight";
				LD_RUNPATH_SEARCH_PATHS = (
					"$(inherited)",
					"@executable_path/Frameworks",
				);
				MARKETING_VERSION = 1.0;
				PRODUCT_BUNDLE_IDENTIFIER = com.letusgo.dipquiz;
				PRODUCT_NAME = "$(TARGET_NAME)";
				SWIFT_EMIT_LOC_STRINGS = YES;
				SWIFT_VERSION = 5.0;
				TARGETED_DEVICE_FAMILY = "1,2";
			};
			name = Release;
		};
		2DFF32272A3408C200EDDDBA /* Debug */ = {
			isa = XCBuildConfiguration;
			buildSettings = {
				ASSETCATALOG_COMPILER_APPICON_NAME = AppIcon;
				ASSETCATALOG_COMPILER_GLOBAL_ACCENT_COLOR_NAME = AccentColor;
				CODE_SIGN_STYLE = Automatic;
				CURRENT_PROJECT_VERSION = 1;
				DEVELOPMENT_ASSET_PATHS = "\"host/Preview Content\"";
				DEVELOPMENT_TEAM = PZ78W9Y6LP;
				ENABLE_PREVIEWS = YES;
				GENERATE_INFOPLIST_FILE = YES;
				INFOPLIST_KEY_UIApplicationSceneManifest_Generation = YES;
				INFOPLIST_KEY_UIApplicationSupportsIndirectInputEvents = YES;
				INFOPLIST_KEY_UILaunchScreen_Generation = YES;
				INFOPLIST_KEY_UISupportedInterfaceOrientations_iPad = "UIInterfaceOrientationPortrait UIInterfaceOrientationPortraitUpsideDown UIInterfaceOrientationLandscapeLeft UIInterfaceOrientationLandscapeRight";
				INFOPLIST_KEY_UISupportedInterfaceOrientations_iPhone = "UIInterfaceOrientationPortrait UIInterfaceOrientationLandscapeLeft UIInterfaceOrientationLandscapeRight";
				LD_RUNPATH_SEARCH_PATHS = (
					"$(inherited)",
					"@executable_path/Frameworks",
				);
				MARKETING_VERSION = 1.0;
				PRODUCT_BUNDLE_IDENTIFIER = com.letusgo.dipquiz.host;
				PRODUCT_NAME = "$(TARGET_NAME)";
				SWIFT_EMIT_LOC_STRINGS = YES;
				SWIFT_VERSION = 5.0;
				TARGETED_DEVICE_FAMILY = "1,2";
			};
			name = Debug;
		};
		2DFF32282A3408C200EDDDBA /* Release */ = {
			isa = XCBuildConfiguration;
			buildSettings = {
				ASSETCATALOG_COMPILER_APPICON_NAME = AppIcon;
				ASSETCATALOG_COMPILER_GLOBAL_ACCENT_COLOR_NAME = AccentColor;
				CODE_SIGN_STYLE = Automatic;
				CURRENT_PROJECT_VERSION = 1;
				DEVELOPMENT_ASSET_PATHS = "\"host/Preview Content\"";
				DEVELOPMENT_TEAM = PZ78W9Y6LP;
				ENABLE_PREVIEWS = YES;
				GENERATE_INFOPLIST_FILE = YES;
				INFOPLIST_KEY_UIApplicationSceneManifest_Generation = YES;
				INFOPLIST_KEY_UIApplicationSupportsIndirectInputEvents = YES;
				INFOPLIST_KEY_UILaunchScreen_Generation = YES;
				INFOPLIST_KEY_UISupportedInterfaceOrientations_iPad = "UIInterfaceOrientationPortrait UIInterfaceOrientationPortraitUpsideDown UIInterfaceOrientationLandscapeLeft UIInterfaceOrientationLandscapeRight";
				INFOPLIST_KEY_UISupportedInterfaceOrientations_iPhone = "UIInterfaceOrientationPortrait UIInterfaceOrientationLandscapeLeft UIInterfaceOrientationLandscapeRight";
				LD_RUNPATH_SEARCH_PATHS = (
					"$(inherited)",
					"@executable_path/Frameworks",
				);
				MARKETING_VERSION = 1.0;
				PRODUCT_BUNDLE_IDENTIFIER = com.letusgo.dipquiz.host;
				PRODUCT_NAME = "$(TARGET_NAME)";
				SWIFT_EMIT_LOC_STRINGS = YES;
				SWIFT_VERSION = 5.0;
				TARGETED_DEVICE_FAMILY = "1,2";
			};
			name = Release;
		};
/* End XCBuildConfiguration section */

/* Begin XCConfigurationList section */
		2DFF31FF2A34083000EDDDBA /* Build configuration list for PBXProject "dipquiz" */ = {
			isa = XCConfigurationList;
			buildConfigurations = (
				2DFF32102A34083100EDDDBA /* Debug */,
				2DFF32112A34083100EDDDBA /* Release */,
			);
			defaultConfigurationIsVisible = 0;
			defaultConfigurationName = Release;
		};
		2DFF32122A34083100EDDDBA /* Build configuration list for PBXNativeTarget "dipquiz" */ = {
			isa = XCConfigurationList;
			buildConfigurations = (
				2DFF32132A34083100EDDDBA /* Debug */,
				2DFF32142A34083100EDDDBA /* Release */,
			);
			defaultConfigurationIsVisible = 0;
			defaultConfigurationName = Release;
		};
		2DFF32262A3408C200EDDDBA /* Build configuration list for PBXNativeTarget "host" */ = {
			isa = XCConfigurationList;
			buildConfigurations = (
				2DFF32272A3408C200EDDDBA /* Debug */,
				2DFF32282A3408C200EDDDBA /* Release */,
			);
			defaultConfigurationIsVisible = 0;
			defaultConfigurationName = Release;
		};
/* End XCConfigurationList section */
	};
	rootObject = 2DFF31FC2A34083000EDDDBA /* Project object */;
}
